
Microsoft Visual Studio Solution File, Format Version 12.00
Project("{FAE04EC0-301F-11D3-BF4B-00C04F79EFBC}") = "PlexWrapped", "PlexWrapped\PlexWrapped.csproj", "{5406E990-81F8-4972-8115-86D69E30373D}"
EndProject
Project("{FAE04EC0-301F-11D3-BF4B-00C04F79EFBC}") = "TautulliApi", "TautulliApi\TautulliApi.csproj", "{ECDAD2D7-6877-4FC9-852A-8C1023ADB64B}"
EndProject
Project("{FAE04EC0-301F-11D3-BF4B-00C04F79EFBC}") = "TautulliApi.Test", "TautulliApi.Test\TautulliApi.Test.csproj", "{DDC72A3D-8FDE-4457-AAAF-27FED627EC0D}"
EndProject
Project("{FAE04EC0-301F-11D3-BF4B-00C04F79EFBC}") = "PlexWrapped.Test", "PlexWrapped.Test\PlexWrapped.Test.csproj", "{C82A477B-B34A-4C22-B349-192A2E9F3983}"
EndProject
Global
	GlobalSection(SolutionConfigurationPlatforms) = preSolution
		Debug|Any CPU = Debug|Any CPU
		Release|Any CPU = Release|Any CPU
	EndGlobalSection
	GlobalSection(ProjectConfigurationPlatforms) = postSolution
		{5406E990-81F8-4972-8115-86D69E30373D}.Debug|Any CPU.ActiveCfg = Debug|Any CPU
		{5406E990-81F8-4972-8115-86D69E30373D}.Debug|Any CPU.Build.0 = Debug|Any CPU
		{5406E990-81F8-4972-8115-86D69E30373D}.Release|Any CPU.ActiveCfg = Release|Any CPU
		{5406E990-81F8-4972-8115-86D69E30373D}.Release|Any CPU.Build.0 = Release|Any CPU
		{ECDAD2D7-6877-4FC9-852A-8C1023ADB64B}.Debug|Any CPU.ActiveCfg = Debug|Any CPU
		{ECDAD2D7-6877-4FC9-852A-8C1023ADB64B}.Debug|Any CPU.Build.0 = Debug|Any CPU
		{ECDAD2D7-6877-4FC9-852A-8C1023ADB64B}.Release|Any CPU.ActiveCfg = Release|Any CPU
		{ECDAD2D7-6877-4FC9-852A-8C1023ADB64B}.Release|Any CPU.Build.0 = Release|Any CPU
		{DDC72A3D-8FDE-4457-AAAF-27FED627EC0D}.Debug|Any CPU.ActiveCfg = Debug|Any CPU
		{DDC72A3D-8FDE-4457-AAAF-27FED627EC0D}.Debug|Any CPU.Build.0 = Debug|Any CPU
		{DDC72A3D-8FDE-4457-AAAF-27FED627EC0D}.Release|Any CPU.ActiveCfg = Release|Any CPU
		{DDC72A3D-8FDE-4457-AAAF-27FED627EC0D}.Release|Any CPU.Build.0 = Release|Any CPU
		{C82A477B-B34A-4C22-B349-192A2E9F3983}.Debug|Any CPU.ActiveCfg = Debug|Any CPU
		{C82A477B-B34A-4C22-B349-192A2E9F3983}.Debug|Any CPU.Build.0 = Debug|Any CPU
		{C82A477B-B34A-4C22-B349-192A2E9F3983}.Release|Any CPU.ActiveCfg = Release|Any CPU
		{C82A477B-B34A-4C22-B349-192A2E9F3983}.Release|Any CPU.Build.0 = Release|Any CPU
	EndGlobalSection
EndGlobal
